{
  "name": "cloud",
  "lockfileVersion": 3,
  "requires": true,
  "packages": {
    "": {
      "dependencies": {
        "motus": "^2.0.5"
      }
    },
    "node_modules/color-name": {
      "version": "1.1.4",
      "resolved": "https://registry.npmjs.org/color-name/-/color-name-1.1.4.tgz",
      "integrity": "sha512-dOy+3AuW3a2wNbZHIuMZpTcgjGuLU/uBL/ubcZF9OXbDo8ff4O8yVp5Bf0efS8uEoYo5q4Fx7dY9OgQGXgAsQA=="
    },
    "node_modules/color-string": {
      "version": "1.9.1",
      "resolved": "https://registry.npmjs.org/color-string/-/color-string-1.9.1.tgz",
      "integrity": "sha512-shrVawQFojnZv6xM40anx4CkoDP+fZsw/ZerEMsW/pyzsRbElpsL/DBVW7q3ExxwusdNXI3lXpuhEZkzs8p5Eg==",
      "dependencies": {
        "color-name": "^1.0.0",
        "simple-swizzle": "^0.2.2"
      }
    },
    "node_modules/color-to-color": {
      "version": "1.0.0",
      "resolved": "https://registry.npmjs.org/color-to-color/-/color-to-color-1.0.0.tgz",
      "integrity": "sha512-Z5qqajuNl9Dkm2qDkS1BQV9pyZ6GbypjNBAdjlRZXOTd4yLr0oUfw9h0uJ7t6AxXdEWWtnXS9nW8k/+CjuRBGA==",
      "dependencies": {
        "color-string": "^1.5.3"
      }
    },
    "node_modules/css-func": {
      "version": "1.0.0",
      "resolved": "https://registry.npmjs.org/css-func/-/css-func-1.0.0.tgz",
      "integrity": "sha512-FE/JNHG6eyi8hh/vFsxSO31cPcD3gRxWe/Znibc08Sg2Obbj+sp1ExO8wYxPebgWflgE3OlqrmUvF2ZCcYR9ug=="
    },
    "node_modules/is-arrayish": {
      "version": "0.3.2",
      "resolved": "https://registry.npmjs.org/is-arrayish/-/is-arrayish-0.3.2.tgz",
      "integrity": "sha512-eVRqCvVlZbuw3GrM63ovNSNAeA1K16kaR/LRY/92w0zxQ5/1YzwblUX652i4Xs9RwAGjW9d9y6X88t8OaAJfWQ=="
    },
    "node_modules/lodash.throttle": {
      "version": "4.1.1",
      "resolved": "https://registry.npmjs.org/lodash.throttle/-/lodash.throttle-4.1.1.tgz",
      "integrity": "sha512-wIkUCfVKpVsWo3JSZlc+8MB5it+2AN5W8J7YVMST30UrvcQNZ1Okbj+rbVniijTWE6FGYy4XJq/rHkas8qJMLQ=="
    },
    "node_modules/motus": {
      "version": "2.0.5",
      "resolved": "https://registry.npmjs.org/motus/-/motus-2.0.5.tgz",
      "integrity": "sha512-E5g9A5qEjBlKeEeoRr4/7MIS/P2RBjpmVOo+Fh9i5CnDv+ENUq12SMfQjTj+AreUyf/XSyIKOpezwVw4crpT8g==",
      "hasInstallScript": true,
      "dependencies": {
        "color-string": "^1.5.3",
        "color-to-color": "^1.0.0",
        "css-func": "^1.0.0",
        "lodash.throttle": "^4.1.1",
        "opencollective-postinstall": "^2.0.2"
      }
    },
    "node_modules/opencollective-postinstall": {
      "version": "2.0.3",
      "resolved": "https://registry.npmjs.org/opencollective-postinstall/-/opencollective-postinstall-2.0.3.tgz",
      "integrity": "sha512-8AV/sCtuzUeTo8gQK5qDZzARrulB3egtLzFgteqB2tcT4Mw7B8Kt7JcDHmltjz6FOAHsvTevk70gZEbhM4ZS9Q==",
      "bin": {
        "opencollective-postinstall": "index.js"
      }
    },
    "node_modules/simple-swizzle": {
      "version": "0.2.2",
      "resolved": "https://registry.npmjs.org/simple-swizzle/-/simple-swizzle-0.2.2.tgz",
      "integrity": "sha512-JA//kQgZtbuY83m+xT+tXJkmJncGMTFT+C+g2h2R9uxkYIrE2yy9sgmcLhCnw57/WSD+Eh3J97FPEDFnbXnDUg==",
      "dependencies": {
        "is-arrayish": "^0.3.1"
      }
    }
  }
}
